
Microsoft Visual Studio Solution File, Format Version 12.00
# Visual Studio Version 17
VisualStudioVersion = 17.12.35506.116
MinimumVisualStudioVersion = 10.0.40219.1
Project("{FAE04EC0-301F-11D3-BF4B-00C04F79EFBC}") = "ConsoleApp1", "ConsoleApp1\ConsoleApp1.csproj", "{8ACE5824-9EC6-4327-B807-0F4C310E5C37}"
EndProject
Project("{FAE04EC0-301F-11D3-BF4B-00C04F79EFBC}") = "ConsoleApp2", "ConsoleApp2\ConsoleApp2.csproj", "{B4DFF4F4-19DC-4FD1-8FDF-D9A3E691AE85}"
EndProject
Project("{FAE04EC0-301F-11D3-BF4B-00C04F79EFBC}") = "ConsoleApp3", "ConsoleApp3\ConsoleApp3.csproj", "{CA5E09BE-4EAA-4EF6-AF9C-9E418CBB8918}"
EndProject
Project("{2150E333-8FDC-42A3-9474-1A3956D46DE8}") = "SQL", "SQL", "{3388E89F-6D34-4266-8A38-2B66BBE0FC5B}"
	ProjectSection(SolutionItems) = preProject
		C:\Users\Usuario\Documents\SQL Server Management Studio\CreacionAlumnos2.sql = C:\Users\Usuario\Documents\SQL Server Management Studio\CreacionAlumnos2.sql
		SQL.sql = SQL.sql
	EndProjectSection
EndProject
Project("{FAE04EC0-301F-11D3-BF4B-00C04F79EFBC}") = "ConsoleApp4", "ConsoleApp4\ConsoleApp4.csproj", "{3C4E4569-5CFF-43D9-A82F-7F8E30FF4E34}"
EndProject
Project("{FAE04EC0-301F-11D3-BF4B-00C04F79EFBC}") = "ConsoleApp5", "ConsoleApp5\ConsoleApp5.csproj", "{8E60D202-4310-4995-B888-145E5B2569DF}"
EndProject
Global
	GlobalSection(SolutionConfigurationPlatforms) = preSolution
		Debug|Any CPU = Debug|Any CPU
		Release|Any CPU = Release|Any CPU
	EndGlobalSection
	GlobalSection(ProjectConfigurationPlatforms) = postSolution
		{8ACE5824-9EC6-4327-B807-0F4C310E5C37}.Debug|Any CPU.ActiveCfg = Debug|Any CPU
		{8ACE5824-9EC6-4327-B807-0F4C310E5C37}.Debug|Any CPU.Build.0 = Debug|Any CPU
		{8ACE5824-9EC6-4327-B807-0F4C310E5C37}.Release|Any CPU.ActiveCfg = Release|Any CPU
		{8ACE5824-9EC6-4327-B807-0F4C310E5C37}.Release|Any CPU.Build.0 = Release|Any CPU
		{B4DFF4F4-19DC-4FD1-8FDF-D9A3E691AE85}.Debug|Any CPU.ActiveCfg = Debug|Any CPU
		{B4DFF4F4-19DC-4FD1-8FDF-D9A3E691AE85}.Debug|Any CPU.Build.0 = Debug|Any CPU
		{B4DFF4F4-19DC-4FD1-8FDF-D9A3E691AE85}.Release|Any CPU.ActiveCfg = Release|Any CPU
		{B4DFF4F4-19DC-4FD1-8FDF-D9A3E691AE85}.Release|Any CPU.Build.0 = Release|Any CPU
		{CA5E09BE-4EAA-4EF6-AF9C-9E418CBB8918}.Debug|Any CPU.ActiveCfg = Debug|Any CPU
		{CA5E09BE-4EAA-4EF6-AF9C-9E418CBB8918}.Debug|Any CPU.Build.0 = Debug|Any CPU
		{CA5E09BE-4EAA-4EF6-AF9C-9E418CBB8918}.Release|Any CPU.ActiveCfg = Release|Any CPU
		{CA5E09BE-4EAA-4EF6-AF9C-9E418CBB8918}.Release|Any CPU.Build.0 = Release|Any CPU
		{3C4E4569-5CFF-43D9-A82F-7F8E30FF4E34}.Debug|Any CPU.ActiveCfg = Debug|Any CPU
		{3C4E4569-5CFF-43D9-A82F-7F8E30FF4E34}.Debug|Any CPU.Build.0 = Debug|Any CPU
		{3C4E4569-5CFF-43D9-A82F-7F8E30FF4E34}.Release|Any CPU.ActiveCfg = Release|Any CPU
		{3C4E4569-5CFF-43D9-A82F-7F8E30FF4E34}.Release|Any CPU.Build.0 = Release|Any CPU
		{8E60D202-4310-4995-B888-145E5B2569DF}.Debug|Any CPU.ActiveCfg = Debug|Any CPU
		{8E60D202-4310-4995-B888-145E5B2569DF}.Debug|Any CPU.Build.0 = Debug|Any CPU
		{8E60D202-4310-4995-B888-145E5B2569DF}.Release|Any CPU.ActiveCfg = Release|Any CPU
		{8E60D202-4310-4995-B888-145E5B2569DF}.Release|Any CPU.Build.0 = Release|Any CPU
	EndGlobalSection
	GlobalSection(SolutionProperties) = preSolution
		HideSolutionNode = FALSE
	EndGlobalSection
EndGlobal
